{
  "version": 4,
  "terraform_version": "1.13.1",
  "serial": 56,
  "lineage": "eeb15f20-da37-ee4f-068e-5b5e8a772d2d",
  "outputs": {},
  "resources": [
    {
      "mode": "managed",
      "type": "cloudflare_pages_project",
      "name": "frontend",
      "provider": "provider[\"registry.terraform.io/cloudflare/cloudflare\"]",
      "instances": [
        {
          "schema_version": 0,
          "attributes": {
            "account_id": "e98a5478d316d2313fad81417e4857c5",
            "build_config": [
              {
                "build_caching": false,
                "build_command": "cd frontend \u0026\u0026 npm install \u0026\u0026 npm run build",
                "destination_dir": "frontend/out",
                "root_dir": "",
                "web_analytics_tag": "",
                "web_analytics_token": ""
              }
            ],
            "created_on": "2026-03-03T08:31:27Z",
            "deployment_configs": [
              {
                "preview": [
                  {
                    "always_use_latest_compatibility_date": false,
                    "compatibility_date": "2026-03-03",
                    "compatibility_flags": [],
                    "d1_databases": {},
                    "durable_object_namespaces": {},
                    "environment_variables": {},
                    "fail_open": false,
                    "kv_namespaces": {},
                    "placement": [],
                    "r2_buckets": {},
                    "secrets": {},
                    "service_binding": [],
                    "usage_model": "standard"
                  }
                ],
                "production": [
                  {
                    "always_use_latest_compatibility_date": false,
                    "compatibility_date": "2026-03-03",
                    "compatibility_flags": [],
                    "d1_databases": {},
                    "durable_object_namespaces": {},
                    "environment_variables": {},
                    "fail_open": false,
                    "kv_namespaces": {},
                    "placement": [],
                    "r2_buckets": {},
                    "secrets": {},
                    "service_binding": [],
                    "usage_model": "standard"
                  }
                ]
              }
            ],
            "domains": [
              "next-frontend-project-avg.pages.dev"
            ],
            "id": "next-frontend-project",
            "name": "next-frontend-project",
            "production_branch": "main",
            "source": [],
            "subdomain": "next-frontend-project-avg.pages.dev"
          },
          "sensitive_attributes": [
            [
              {
                "type": "get_attr",
                "value": "deployment_configs"
              },
              {
                "type": "index",
                "value": {
                  "value": 0,
                  "type": "number"
                }
              },
              {
                "type": "get_attr",
                "value": "preview"
              },
              {
                "type": "index",
                "value": {
                  "value": 0,
                  "type": "number"
                }
              },
              {
                "type": "get_attr",
                "value": "secrets"
              }
            ],
            [
              {
                "type": "get_attr",
                "value": "deployment_configs"
              },
              {
                "type": "index",
                "value": {
                  "value": 0,
                  "type": "number"
                }
              },
              {
                "type": "get_attr",
                "value": "production"
              },
              {
                "type": "index",
                "value": {
                  "value": 0,
                  "type": "number"
                }
              },
              {
                "type": "get_attr",
                "value": "secrets"
              }
            ]
          ],
          "identity_schema_version": 0,
          "private": "bnVsbA=="
        }
      ]
    },
    {
      "mode": "managed",
      "type": "cloudflare_workers_script",
      "name": "backend",
      "provider": "provider[\"registry.terraform.io/cloudflare/cloudflare\"]",
      "instances": [
        {
          "schema_version": 0,
          "attributes": {
            "account_id": "e98a5478d316d2313fad81417e4857c5",
            "analytics_engine_binding": [],
            "compatibility_date": "2024-12-01",
            "compatibility_flags": [
              "nodejs_compat"
            ],
            "content": "export default {\n  async fetch(request) {\n    const url = new URL(request.url);\n\n    if (url.pathname === \"/api/greeting\") {\n      return new Response(\n        JSON.stringify({\n          greeting: \"Hello from Cloudflare Worker 🚀\",\n        }),\n        { headers: { \"Content-Type\": \"application/json\" } }\n      );\n    }\n\n    if (url.pathname === \"/api/hello\") {\n      return new Response(\n        JSON.stringify({\n          message: \"Hello API working perfectly!\",\n        }),\n        { headers: { \"Content-Type\": \"application/json\" } }\n      );\n    }\n\n    return new Response(\"Not Found\", { status: 404 });\n  },\n};",
            "d1_database_binding": [],
            "dispatch_namespace": null,
            "hyperdrive_config_binding": [],
            "id": "next-backend-worker",
            "kv_namespace_binding": [],
            "logpush": null,
            "module": true,
            "name": "next-backend-worker",
            "placement": [],
            "plain_text_binding": [],
            "queue_binding": [],
            "r2_bucket_binding": [],
            "secret_text_binding": [],
            "service_binding": [],
            "tags": [],
            "webassembly_binding": []
          },
          "sensitive_attributes": [],
          "identity_schema_version": 0,
          "private": "bnVsbA=="
        }
      ]
    }
  ],
  "check_results": null
}
